// !$*UTF8*$!
{
	archiveVersion = 1;
	classes = {
	};
	objectVersion = 50;
	objects = {

/* Begin PBXBuildFile section */
		0C075FF821258BDD00BD883B /* RecordsTableViewController.swift in Sources */ = {isa = PBXBuildFile; fileRef = 0C075FF721258BDD00BD883B /* RecordsTableViewController.swift */; };
		0C076000212593C600BD883B /* RecordsTableViewCell.swift in Sources */ = {isa = PBXBuildFile; fileRef = 0C075FFE212593C600BD883B /* RecordsTableViewCell.swift */; };
		0C076001212593C600BD883B /* RecordsTableViewCell.xib in Resources */ = {isa = PBXBuildFile; fileRef = 0C075FFF212593C600BD883B /* RecordsTableViewCell.xib */; };
		0C0760082125E66B00BD883B /* Theme.xcassets in Resources */ = {isa = PBXBuildFile; fileRef = 0C0760072125E66B00BD883B /* Theme.xcassets */; };
		0C08B396211FF1000038B98E /* AppDelegate.swift in Sources */ = {isa = PBXBuildFile; fileRef = 0C08B395211FF1000038B98E /* AppDelegate.swift */; };
		0C08B398211FF1000038B98E /* GameViewController.swift in Sources */ = {isa = PBXBuildFile; fileRef = 0C08B397211FF1000038B98E /* GameViewController.swift */; };
		0C08B39B211FF1000038B98E /* Main.storyboard in Resources */ = {isa = PBXBuildFile; fileRef = 0C08B399211FF1000038B98E /* Main.storyboard */; };
		0C08B39D211FF1020038B98E /* Assets.xcassets in Resources */ = {isa = PBXBuildFile; fileRef = 0C08B39C211FF1020038B98E /* Assets.xcassets */; };
		0C08B3A0211FF1020038B98E /* LaunchScreen.storyboard in Resources */ = {isa = PBXBuildFile; fileRef = 0C08B39E211FF1020038B98E /* LaunchScreen.storyboard */; };
		0C88D52821204ED90012427D /* Player.swift in Sources */ = {isa = PBXBuildFile; fileRef = 0C88D52721204ED90012427D /* Player.swift */; };
		0C88D52C21205E590012427D /* Game.swift in Sources */ = {isa = PBXBuildFile; fileRef = 0C88D52B21205E590012427D /* Game.swift */; };
		0C88D52E21205E800012427D /* Board.swift in Sources */ = {isa = PBXBuildFile; fileRef = 0C88D52D21205E800012427D /* Board.swift */; };
		0C88D53321206BCE0012427D /* UIImage+AssetIdentifier.swift in Sources */ = {isa = PBXBuildFile; fileRef = 0C88D53221206BCE0012427D /* UIImage+AssetIdentifier.swift */; };
		0C88D5392121A8220012427D /* PlayerCardView.xib in Resources */ = {isa = PBXBuildFile; fileRef = 0C88D5382121A8220012427D /* PlayerCardView.xib */; };
		0C88D53B2121AB150012427D /* PlayerCardView.swift in Sources */ = {isa = PBXBuildFile; fileRef = 0C88D53A2121AB150012427D /* PlayerCardView.swift */; };
		0CCDBB3B21244D7800E33DCD /* PlayerPopupViewController.swift in Sources */ = {isa = PBXBuildFile; fileRef = 0CCDBB3A21244D7800E33DCD /* PlayerPopupViewController.swift */; };
		0CCDBB3E21244D9B00E33DCD /* PlayerPopup.storyboard in Resources */ = {isa = PBXBuildFile; fileRef = 0CCDBB3C21244D9B00E33DCD /* PlayerPopup.storyboard */; };
		0CCDBB4021245E9F00E33DCD /* UIView+RoundedCorners.swift in Sources */ = {isa = PBXBuildFile; fileRef = 0CCDBB3F21245E9F00E33DCD /* UIView+RoundedCorners.swift */; };
		0CCDBB4B212510CB00E33DCD /* ResultPopup.storyboard in Resources */ = {isa = PBXBuildFile; fileRef = 0CCDBB49212510CB00E33DCD /* ResultPopup.storyboard */; };
		0CCDBB4D212510F500E33DCD /* ResultPopupViewController.swift in Sources */ = {isa = PBXBuildFile; fileRef = 0CCDBB4C212510F500E33DCD /* ResultPopupViewController.swift */; };
/* End PBXBuildFile section */

/* Begin PBXFileReference section */
		0C075FF721258BDD00BD883B /* RecordsTableViewController.swift */ = {isa = PBXFileReference; lastKnownFileType = sourcecode.swift; path = RecordsTableViewController.swift; sourceTree = "<group>"; };
		0C075FFE212593C600BD883B /* RecordsTableViewCell.swift */ = {isa = PBXFileReference; lastKnownFileType = sourcecode.swift; path = RecordsTableViewCell.swift; sourceTree = "<group>"; };
		0C075FFF212593C600BD883B /* RecordsTableViewCell.xib */ = {isa = PBXFileReference; lastKnownFileType = file.xib; path = RecordsTableViewCell.xib; sourceTree = "<group>"; };
		0C0760072125E66B00BD883B /* Theme.xcassets */ = {isa = PBXFileReference; lastKnownFileType = folder.assetcatalog; path = Theme.xcassets; sourceTree = "<group>"; };
		0C08B392211FF1000038B98E /* Tic Tac Toe.app */ = {isa = PBXFileReference; explicitFileType = wrapper.application; includeInIndex = 0; path = "Tic Tac Toe.app"; sourceTree = BUILT_PRODUCTS_DIR; };
		0C08B395211FF1000038B98E /* AppDelegate.swift */ = {isa = PBXFileReference; lastKnownFileType = sourcecode.swift; path = AppDelegate.swift; sourceTree = "<group>"; };
		0C08B397211FF1000038B98E /* GameViewController.swift */ = {isa = PBXFileReference; lastKnownFileType = sourcecode.swift; path = GameViewController.swift; sourceTree = "<group>"; };
		0C08B39A211FF1000038B98E /* Base */ = {isa = PBXFileReference; lastKnownFileType = file.storyboard; name = Base; path = Base.lproj/Main.storyboard; sourceTree = "<group>"; };
		0C08B39C211FF1020038B98E /* Assets.xcassets */ = {isa = PBXFileReference; lastKnownFileType = folder.assetcatalog; path = Assets.xcassets; sourceTree = "<group>"; };
		0C08B39F211FF1020038B98E /* Base */ = {isa = PBXFileReference; lastKnownFileType = file.storyboard; name = Base; path = Base.lproj/LaunchScreen.storyboard; sourceTree = "<group>"; };
		0C08B3A1211FF1020038B98E /* Info.plist */ = {isa = PBXFileReference; lastKnownFileType = text.plist.xml; path = Info.plist; sourceTree = "<group>"; };
		0C88D52721204ED90012427D /* Player.swift */ = {isa = PBXFileReference; lastKnownFileType = sourcecode.swift; path = Player.swift; sourceTree = "<group>"; };
		0C88D52B21205E590012427D /* Game.swift */ = {isa = PBXFileReference; lastKnownFileType = sourcecode.swift; path = Game.swift; sourceTree = "<group>"; };
		0C88D52D21205E800012427D /* Board.swift */ = {isa = PBXFileReference; lastKnownFileType = sourcecode.swift; path = Board.swift; sourceTree = "<group>"; };
		0C88D53221206BCE0012427D /* UIImage+AssetIdentifier.swift */ = {isa = PBXFileReference; lastKnownFileType = sourcecode.swift; path = "UIImage+AssetIdentifier.swift"; sourceTree = "<group>"; };
		0C88D5382121A8220012427D /* PlayerCardView.xib */ = {isa = PBXFileReference; lastKnownFileType = file.xib; path = PlayerCardView.xib; sourceTree = "<group>"; };
		0C88D53A2121AB150012427D /* PlayerCardView.swift */ = {isa = PBXFileReference; lastKnownFileType = sourcecode.swift; path = PlayerCardView.swift; sourceTree = "<group>"; };
		0CCDBB3A21244D7800E33DCD /* PlayerPopupViewController.swift */ = {isa = PBXFileReference; lastKnownFileType = sourcecode.swift; path = PlayerPopupViewController.swift; sourceTree = "<group>"; };
		0CCDBB3D21244D9B00E33DCD /* Base */ = {isa = PBXFileReference; lastKnownFileType = file.storyboard; name = Base; path = "Tic Tac Toe/Views/Storyboards/Base.lproj/PlayerPopup.storyboard"; sourceTree = "<group>"; };
		0CCDBB3F21245E9F00E33DCD /* UIView+RoundedCorners.swift */ = {isa = PBXFileReference; lastKnownFileType = sourcecode.swift; path = "UIView+RoundedCorners.swift"; sourceTree = "<group>"; };
		0CCDBB422124995700E33DCD /* YPImagePicker.framework */ = {isa = PBXFileReference; lastKnownFileType = wrapper.framework; name = YPImagePicker.framework; path = Carthage/Build/iOS/YPImagePicker.framework; sourceTree = "<group>"; };
		0CCDBB4521249DC100E33DCD /* PryntTrimmerView.framework */ = {isa = PBXFileReference; lastKnownFileType = wrapper.framework; name = PryntTrimmerView.framework; path = Carthage/Build/iOS/PryntTrimmerView.framework; sourceTree = "<group>"; };
		0CCDBB4721249E1400E33DCD /* Stevia.framework */ = {isa = PBXFileReference; lastKnownFileType = wrapper.framework; name = Stevia.framework; path = Carthage/Build/iOS/Stevia.framework; sourceTree = "<group>"; };
		0CCDBB4A212510CB00E33DCD /* Base */ = {isa = PBXFileReference; lastKnownFileType = file.storyboard; name = Base; path = "Tic Tac Toe/Views/Storyboards/Base.lproj/ResultPopup.storyboard"; sourceTree = "<group>"; };
		0CCDBB4C212510F500E33DCD /* ResultPopupViewController.swift */ = {isa = PBXFileReference; lastKnownFileType = sourcecode.swift; path = ResultPopupViewController.swift; sourceTree = "<group>"; };
/* End PBXFileReference section */

/* Begin PBXFrameworksBuildPhase section */
		0C08B38F211FF1000038B98E /* Frameworks */ = {
			isa = PBXFrameworksBuildPhase;
			buildActionMask = 2147483647;
			files = (
			);
			runOnlyForDeploymentPostprocessing = 0;
		};
/* End PBXFrameworksBuildPhase section */

/* Begin PBXGroup section */
		0C075FF92125938F00BD883B /* Cells */ = {
			isa = PBXGroup;
			children = (
				0C075FFE212593C600BD883B /* RecordsTableViewCell.swift */,
				0C075FFF212593C600BD883B /* RecordsTableViewCell.xib */,
			);
			path = Cells;
			sourceTree = "<group>";
		};
		0C0760092125E6A600BD883B /* Resources */ = {
			isa = PBXGroup;
			children = (
				0C08B39C211FF1020038B98E /* Assets.xcassets */,
				0C0760072125E66B00BD883B /* Theme.xcassets */,
			);
			path = Resources;
			sourceTree = "<group>";
		};
		0C08B389211FF1000038B98E = {
			isa = PBXGroup;
			children = (
				0C08B394211FF1000038B98E /* Tic Tac Toe */,
				0C08B393211FF1000038B98E /* Products */,
				0CCDBB412124995700E33DCD /* Frameworks */,
			);
			sourceTree = "<group>";
		};
		0C08B393211FF1000038B98E /* Products */ = {
			isa = PBXGroup;
			children = (
				0C08B392211FF1000038B98E /* Tic Tac Toe.app */,
			);
			name = Products;
			sourceTree = "<group>";
		};
		0C08B394211FF1000038B98E /* Tic Tac Toe */ = {
			isa = PBXGroup;
			children = (
				0C0760092125E6A600BD883B /* Resources */,
				0C88D531212066210012427D /* Extensions */,
				0C88D52621204D720012427D /* Models */,
				0C88D529212059F40012427D /* ViewControllers */,
				0C88D52A21205A810012427D /* Views */,
				0C08B395211FF1000038B98E /* AppDelegate.swift */,
				0C08B39E211FF1020038B98E /* LaunchScreen.storyboard */,
				0C08B3A1211FF1020038B98E /* Info.plist */,
			);
			path = "Tic Tac Toe";
			sourceTree = "<group>";
		};
		0C88D52621204D720012427D /* Models */ = {
			isa = PBXGroup;
			children = (
				0C88D52721204ED90012427D /* Player.swift */,
				0C88D52B21205E590012427D /* Game.swift */,
				0C88D52D21205E800012427D /* Board.swift */,
			);
			path = Models;
			sourceTree = "<group>";
		};
		0C88D529212059F40012427D /* ViewControllers */ = {
			isa = PBXGroup;
			children = (
				0C08B397211FF1000038B98E /* GameViewController.swift */,
				0CCDBB3A21244D7800E33DCD /* PlayerPopupViewController.swift */,
				0CCDBB4C212510F500E33DCD /* ResultPopupViewController.swift */,
				0C075FF721258BDD00BD883B /* RecordsTableViewController.swift */,
			);
			path = ViewControllers;
			sourceTree = "<group>";
		};
		0C88D52A21205A810012427D /* Views */ = {
			isa = PBXGroup;
			children = (
				0C88D5382121A8220012427D /* PlayerCardView.xib */,
				0C88D53A2121AB150012427D /* PlayerCardView.swift */,
				0C075FF92125938F00BD883B /* Cells */,
				0C88D54A21227F950012427D /* Storyboards */,
			);
			path = Views;
			sourceTree = "<group>";
		};
		0C88D531212066210012427D /* Extensions */ = {
			isa = PBXGroup;
			children = (
				0C88D53221206BCE0012427D /* UIImage+AssetIdentifier.swift */,
				0CCDBB3F21245E9F00E33DCD /* UIView+RoundedCorners.swift */,
			);
			path = Extensions;
			sourceTree = "<group>";
		};
		0C88D54A21227F950012427D /* Storyboards */ = {
			isa = PBXGroup;
			children = (
				0C08B399211FF1000038B98E /* Main.storyboard */,
				0CCDBB3C21244D9B00E33DCD /* PlayerPopup.storyboard */,
				0CCDBB49212510CB00E33DCD /* ResultPopup.storyboard */,
			);
			path = Storyboards;
			sourceTree = "<group>";
		};
		0CCDBB412124995700E33DCD /* Frameworks */ = {
			isa = PBXGroup;
			children = (
				0CCDBB4721249E1400E33DCD /* Stevia.framework */,
				0CCDBB4521249DC100E33DCD /* PryntTrimmerView.framework */,
				0CCDBB422124995700E33DCD /* YPImagePicker.framework */,
			);
			name = Frameworks;
			sourceTree = "<group>";
		};
/* End PBXGroup section */

/* Begin PBXNativeTarget section */
		0C08B391211FF1000038B98E /* Tic Tac Toe */ = {
			isa = PBXNativeTarget;
			buildConfigurationList = 0C08B3A4211FF1020038B98E /* Build configuration list for PBXNativeTarget "Tic Tac Toe" */;
			buildPhases = (
				0C08B38E211FF1000038B98E /* Sources */,
				0C08B38F211FF1000038B98E /* Frameworks */,
				0C08B390211FF1000038B98E /* Resources */,
			);
			buildRules = (
			);
			dependencies = (
			);
			name = "Tic Tac Toe";
			productName = "Tic Tac Toe";
			productReference = 0C08B392211FF1000038B98E /* Tic Tac Toe.app */;
			productType = "com.apple.product-type.application";
		};
/* End PBXNativeTarget section */

/* Begin PBXProject section */
		0C08B38A211FF1000038B98E /* Project object */ = {
			isa = PBXProject;
			attributes = {
				LastSwiftUpdateCheck = 0940;
				LastUpgradeCheck = 0940;
				ORGANIZATIONNAME = "Youngsun Paik";
				TargetAttributes = {
					0C08B391211FF1000038B98E = {
						CreatedOnToolsVersion = 9.4.1;
					};
				};
			};
			buildConfigurationList = 0C08B38D211FF1000038B98E /* Build configuration list for PBXProject "Tic Tac Toe" */;
			compatibilityVersion = "Xcode 9.3";
			developmentRegion = en;
			hasScannedForEncodings = 0;
			knownRegions = (
				en,
				Base,
			);
			mainGroup = 0C08B389211FF1000038B98E;
			productRefGroup = 0C08B393211FF1000038B98E /* Products */;
			projectDirPath = "";
			projectRoot = "";
			targets = (
				0C08B391211FF1000038B98E /* Tic Tac Toe */,
			);
		};
/* End PBXProject section */

/* Begin PBXResourcesBuildPhase section */
		0C08B390211FF1000038B98E /* Resources */ = {
			isa = PBXResourcesBuildPhase;
			buildActionMask = 2147483647;
			files = (
				0CCDBB4B212510CB00E33DCD /* ResultPopup.storyboard in Resources */,
				0C08B3A0211FF1020038B98E /* LaunchScreen.storyboard in Resources */,
				0CCDBB3E21244D9B00E33DCD /* PlayerPopup.storyboard in Resources */,
				0C076001212593C600BD883B /* RecordsTableViewCell.xib in Resources */,
				0C88D5392121A8220012427D /* PlayerCardView.xib in Resources */,
				0C0760082125E66B00BD883B /* Theme.xcassets in Resources */,
				0C08B39D211FF1020038B98E /* Assets.xcassets in Resources */,
				0C08B39B211FF1000038B98E /* Main.storyboard in Resources */,
			);
			runOnlyForDeploymentPostprocessing = 0;
		};
/* End PBXResourcesBuildPhase section */

/* Begin PBXSourcesBuildPhase section */
		0C08B38E211FF1000038B98E /* Sources */ = {
			isa = PBXSourcesBuildPhase;
			buildActionMask = 2147483647;
			files = (
				0C88D53B2121AB150012427D /* PlayerCardView.swift in Sources */,
				0C08B398211FF1000038B98E /* GameViewController.swift in Sources */,
				0CCDBB3B21244D7800E33DCD /* PlayerPopupViewController.swift in Sources */,
				0C88D52821204ED90012427D /* Player.swift in Sources */,
				0C88D53321206BCE0012427D /* UIImage+AssetIdentifier.swift in Sources */,
				0C08B396211FF1000038B98E /* AppDelegate.swift in Sources */,
				0C076000212593C600BD883B /* RecordsTableViewCell.swift in Sources */,
				0CCDBB4021245E9F00E33DCD /* UIView+RoundedCorners.swift in Sources */,
				0C88D52E21205E800012427D /* Board.swift in Sources */,
				0C075FF821258BDD00BD883B /* RecordsTableViewController.swift in Sources */,
				0CCDBB4D212510F500E33DCD /* ResultPopupViewController.swift in Sources */,
				0C88D52C21205E590012427D /* Game.swift in Sources */,
			);
			runOnlyForDeploymentPostprocessing = 0;
		};
/* End PBXSourcesBuildPhase section */

/* Begin PBXVariantGroup section */
		0C08B399211FF1000038B98E /* Main.storyboard */ = {
			isa = PBXVariantGroup;
			children = (
				0C08B39A211FF1000038B98E /* Base */,
			);
			name = Main.storyboard;
			sourceTree = "<group>";
		};
		0C08B39E211FF1020038B98E /* LaunchScreen.storyboard */ = {
			isa = PBXVariantGroup;
			children = (
				0C08B39F211FF1020038B98E /* Base */,
			);
			name = LaunchScreen.storyboard;
			sourceTree = "<group>";
		};
		0CCDBB3C21244D9B00E33DCD /* PlayerPopup.storyboard */ = {
			isa = PBXVariantGroup;
			children = (
				0CCDBB3D21244D9B00E33DCD /* Base */,
			);
			name = PlayerPopup.storyboard;
			sourceTree = "<group>";
		};
		0CCDBB49212510CB00E33DCD /* ResultPopup.storyboard */ = {
			isa = PBXVariantGroup;
			children = (
				0CCDBB4A212510CB00E33DCD /* Base */,
			);
			name = ResultPopup.storyboard;
			sourceTree = "<group>";
		};
/* End PBXVariantGroup section */

/* Begin XCBuildConfiguration section */
		0C08B3A2211FF1020038B98E /* Debug */ = {
			isa = XCBuildConfiguration;
			buildSettings = {
				ALWAYS_SEARCH_USER_PATHS = NO;
				CLANG_ANALYZER_NONNULL = YES;
				CLANG_ANALYZER_NUMBER_OBJECT_CONVERSION = YES_AGGRESSIVE;
				CLANG_CXX_LANGUAGE_STANDARD = "gnu++14";
				CLANG_CXX_LIBRARY = "libc++";
				CLANG_ENABLE_MODULES = YES;
				CLANG_ENABLE_OBJC_ARC = YES;
				CLANG_ENABLE_OBJC_WEAK = YES;
				CLANG_WARN_BLOCK_CAPTURE_AUTORELEASING = YES;
				CLANG_WARN_BOOL_CONVERSION = YES;
				CLANG_WARN_COMMA = YES;
				CLANG_WARN_CONSTANT_CONVERSION = YES;
				CLANG_WARN_DEPRECATED_OBJC_IMPLEMENTATIONS = YES;
				CLANG_WARN_DIRECT_OBJC_ISA_USAGE = YES_ERROR;
				CLANG_WARN_DOCUMENTATION_COMMENTS = YES;
				CLANG_WARN_EMPTY_BODY = YES;
				CLANG_WARN_ENUM_CONVERSION = YES;
				CLANG_WARN_INFINITE_RECURSION = YES;
				CLANG_WARN_INT_CONVERSION = YES;
				CLANG_WARN_NON_LITERAL_NULL_CONVERSION = YES;
				CLANG_WARN_OBJC_IMPLICIT_RETAIN_SELF = YES;
				CLANG_WARN_OBJC_LITERAL_CONVERSION = YES;
				CLANG_WARN_OBJC_ROOT_CLASS = YES_ERROR;
				CLANG_WARN_RANGE_LOOP_ANALYSIS = YES;
				CLANG_WARN_STRICT_PROTOTYPES = YES;
				CLANG_WARN_SUSPICIOUS_MOVE = YES;
				CLANG_WARN_UNGUARDED_AVAILABILITY = YES_AGGRESSIVE;
				CLANG_WARN_UNREACHABLE_CODE = YES;
				CLANG_WARN__DUPLICATE_METHOD_MATCH = YES;
				CODE_SIGN_IDENTITY = "iPhone Developer";
				COPY_PHASE_STRIP = NO;
				DEBUG_INFORMATION_FORMAT = dwarf;
				ENABLE_STRICT_OBJC_MSGSEND = YES;
				ENABLE_TESTABILITY = YES;
				GCC_C_LANGUAGE_STANDARD = gnu11;
				GCC_DYNAMIC_NO_PIC = NO;
				GCC_NO_COMMON_BLOCKS = YES;
				GCC_OPTIMIZATION_LEVEL = 0;
				GCC_PREPROCESSOR_DEFINITIONS = (
					"DEBUG=1",
					"$(inherited)",
				);
				GCC_WARN_64_TO_32_BIT_CONVERSION = YES;
				GCC_WARN_ABOUT_RETURN_TYPE = YES_ERROR;
				GCC_WARN_UNDECLARED_SELECTOR = YES;
				GCC_WARN_UNINITIALIZED_AUTOS = YES_AGGRESSIVE;
				GCC_WARN_UNUSED_FUNCTION = YES;
				GCC_WARN_UNUSED_VARIABLE = YES;
				IPHONEOS_DEPLOYMENT_TARGET = 11.4;
				MTL_ENABLE_DEBUG_INFO = YES;
				ONLY_ACTIVE_ARCH = YES;
				SDKROOT = iphoneos;
				SWIFT_ACTIVE_COMPILATION_CONDITIONS = DEBUG;
				SWIFT_OPTIMIZATION_LEVEL = "-Onone";
			};
			name = Debug;
		};
		0C08B3A3211FF1020038B98E /* Release */ = {
			isa = XCBuildConfiguration;
			buildSettings = {
				ALWAYS_SEARCH_USER_PATHS = NO;
				CLANG_ANALYZER_NONNULL = YES;
				CLANG_ANALYZER_NUMBER_OBJECT_CONVERSION = YES_AGGRESSIVE;
				CLANG_CXX_LANGUAGE_STANDARD = "gnu++14";
				CLANG_CXX_LIBRARY = "libc++";
				CLANG_ENABLE_MODULES = YES;
				CLANG_ENABLE_OBJC_ARC = YES;
				CLANG_ENABLE_OBJC_WEAK = YES;
				CLANG_WARN_BLOCK_CAPTURE_AUTORELEASING = YES;
				CLANG_WARN_BOOL_CONVERSION = YES;
				CLANG_WARN_COMMA = YES;
				CLANG_WARN_CONSTANT_CONVERSION = YES;
				CLANG_WARN_DEPRECATED_OBJC_IMPLEMENTATIONS = YES;
				CLANG_WARN_DIRECT_OBJC_ISA_USAGE = YES_ERROR;
				CLANG_WARN_DOCUMENTATION_COMMENTS = YES;
				CLANG_WARN_EMPTY_BODY = YES;
				CLANG_WARN_ENUM_CONVERSION = YES;
				CLANG_WARN_INFINITE_RECURSION = YES;
				CLANG_WARN_INT_CONVERSION = YES;
				CLANG_WARN_NON_LITERAL_NULL_CONVERSION = YES;
				CLANG_WARN_OBJC_IMPLICIT_RETAIN_SELF = YES;
				CLANG_WARN_OBJC_LITERAL_CONVERSION = YES;
				CLANG_WARN_OBJC_ROOT_CLASS = YES_ERROR;
				CLANG_WARN_RANGE_LOOP_ANALYSIS = YES;
				CLANG_WARN_STRICT_PROTOTYPES = YES;
				CLANG_WARN_SUSPICIOUS_MOVE = YES;
				CLANG_WARN_UNGUARDED_AVAILABILITY = YES_AGGRESSIVE;
				CLANG_WARN_UNREACHABLE_CODE = YES;
				CLANG_WARN__DUPLICATE_METHOD_MATCH = YES;
				CODE_SIGN_IDENTITY = "iPhone Developer";
				COPY_PHASE_STRIP = NO;
				DEBUG_INFORMATION_FORMAT = "dwarf-with-dsym";
				ENABLE_NS_ASSERTIONS = NO;
				ENABLE_STRICT_OBJC_MSGSEND = YES;
				GCC_C_LANGUAGE_STANDARD = gnu11;
				GCC_NO_COMMON_BLOCKS = YES;
				GCC_WARN_64_TO_32_BIT_CONVERSION = YES;
				GCC_WARN_ABOUT_RETURN_TYPE = YES_ERROR;
				GCC_WARN_UNDECLARED_SELECTOR = YES;
				GCC_WARN_UNINITIALIZED_AUTOS = YES_AGGRESSIVE;
				GCC_WARN_UNUSED_FUNCTION = YES;
				GCC_WARN_UNUSED_VARIABLE = YES;
				IPHONEOS_DEPLOYMENT_TARGET = 11.4;
				MTL_ENABLE_DEBUG_INFO = NO;
				SDKROOT = iphoneos;
				SWIFT_COMPILATION_MODE = wholemodule;
				SWIFT_OPTIMIZATION_LEVEL = "-O";
				VALIDATE_PRODUCT = YES;
			};
			name = Release;
		};
		0C08B3A5211FF1020038B98E /* Debug */ = {
			isa = XCBuildConfiguration;
			buildSettings = {
				ASSETCATALOG_COMPILER_APPICON_NAME = AppIcon;
				CODE_SIGN_STYLE = Automatic;
				DEVELOPMENT_TEAM = QG3L9Q959N;
				FRAMEWORK_SEARCH_PATHS = (
					"$(inherited)",
					"$(PROJECT_DIR)/Carthage/Build/iOS",
				);
				INFOPLIST_FILE = "Tic Tac Toe/Info.plist";
				LD_RUNPATH_SEARCH_PATHS = (
					"$(inherited)",
					"@executable_path/Frameworks",
				);
				PRODUCT_BUNDLE_IDENTIFIER = "com.Youngsun.Tic-Tac-Toe";
				PRODUCT_NAME = "$(TARGET_NAME)";
				SWIFT_VERSION = 4.0;
				TARGETED_DEVICE_FAMILY = "1,2";
			};
			name = Debug;
		};
		0C08B3A6211FF1020038B98E /* Release */ = {
			isa = XCBuildConfiguration;
			buildSettings = {
				ASSETCATALOG_COMPILER_APPICON_NAME = AppIcon;
				CODE_SIGN_STYLE = Automatic;
				DEVELOPMENT_TEAM = QG3L9Q959N;
				FRAMEWORK_SEARCH_PATHS = (
					"$(inherited)",
					"$(PROJECT_DIR)/Carthage/Build/iOS",
				);
				INFOPLIST_FILE = "Tic Tac Toe/Info.plist";
				LD_RUNPATH_SEARCH_PATHS = (
					"$(inherited)",
					"@executable_path/Frameworks",
				);
				PRODUCT_BUNDLE_IDENTIFIER = "com.Youngsun.Tic-Tac-Toe";
				PRODUCT_NAME = "$(TARGET_NAME)";
				SWIFT_VERSION = 4.0;
				TARGETED_DEVICE_FAMILY = "1,2";
			};
			name = Release;
		};
/* End XCBuildConfiguration section */

/* Begin XCConfigurationList section */
		0C08B38D211FF1000038B98E /* Build configuration list for PBXProject "Tic Tac Toe" */ = {
			isa = XCConfigurationList;
			buildConfigurations = (
				0C08B3A2211FF1020038B98E /* Debug */,
				0C08B3A3211FF1020038B98E /* Release */,
			);
			defaultConfigurationIsVisible = 0;
			defaultConfigurationName = Release;
		};
		0C08B3A4211FF1020038B98E /* Build configuration list for PBXNativeTarget "Tic Tac Toe" */ = {
			isa = XCConfigurationList;
			buildConfigurations = (
				0C08B3A5211FF1020038B98E /* Debug */,
				0C08B3A6211FF1020038B98E /* Release */,
			);
			defaultConfigurationIsVisible = 0;
			defaultConfigurationName = Release;
		};
/* End XCConfigurationList section */
	};
	rootObject = 0C08B38A211FF1000038B98E /* Project object */;
}
